// !$*UTF8*$!
{
	archiveVersion = 1;
	classes = {
	};
	objectVersion = 56;
	objects = {

/* Begin PBXBuildFile section */
		743BD09D6D9F8862DBB1EE9E /* Pods_ChessAppTests.framework in Frameworks */ = {isa = PBXBuildFile; fileRef = 2907FCFC39FB58EF2E54902C /* Pods_ChessAppTests.framework */; };
		79BC03114119B6F9DB6F2329 /* Pods_ChessApp.framework in Frameworks */ = {isa = PBXBuildFile; fileRef = 75DF558ABBC751FA95357F99 /* Pods_ChessApp.framework */; };
		890880082AE7378C0049E578 /* File.swift in Sources */ = {isa = PBXBuildFile; fileRef = 890880072AE7378C0049E578 /* File.swift */; };
		8908800A2AE737AB0049E578 /* Rank.swift in Sources */ = {isa = PBXBuildFile; fileRef = 890880092AE737AB0049E578 /* Rank.swift */; };
		8908800D2AE73AF80049E578 /* InputManagerTests.swift in Sources */ = {isa = PBXBuildFile; fileRef = 8908800C2AE73AF80049E578 /* InputManagerTests.swift */; };
		8908800F2AE74ACD0049E578 /* PawnTests.swift in Sources */ = {isa = PBXBuildFile; fileRef = 8908800E2AE74ACD0049E578 /* PawnTests.swift */; };
		890880112AE753C30049E578 /* BoardTests+Stub.swift in Sources */ = {isa = PBXBuildFile; fileRef = 890880102AE753C30049E578 /* BoardTests+Stub.swift */; };
		893F52052AEA262A00CA3E68 /* Piece.swift in Sources */ = {isa = PBXBuildFile; fileRef = 893F52042AEA262A00CA3E68 /* Piece.swift */; };
		893F52072AEA268A00CA3E68 /* Bishop.swift in Sources */ = {isa = PBXBuildFile; fileRef = 893F52062AEA268A00CA3E68 /* Bishop.swift */; };
		893F52092AEA269C00CA3E68 /* Rook.swift in Sources */ = {isa = PBXBuildFile; fileRef = 893F52082AEA269C00CA3E68 /* Rook.swift */; };
		893F520B2AEA287200CA3E68 /* Queen.swift in Sources */ = {isa = PBXBuildFile; fileRef = 893F520A2AEA287200CA3E68 /* Queen.swift */; };
		893F520D2AEA293B00CA3E68 /* Knight.swift in Sources */ = {isa = PBXBuildFile; fileRef = 893F520C2AEA293B00CA3E68 /* Knight.swift */; };
		893F52142AEA2A7700CA3E68 /* BishopTests.swift in Sources */ = {isa = PBXBuildFile; fileRef = 893F52132AEA2A7700CA3E68 /* BishopTests.swift */; };
		893F52162AEA2A7F00CA3E68 /* RookTests.swift in Sources */ = {isa = PBXBuildFile; fileRef = 893F52152AEA2A7F00CA3E68 /* RookTests.swift */; };
		893F52182AEA2A8B00CA3E68 /* QueenTests.swift in Sources */ = {isa = PBXBuildFile; fileRef = 893F52172AEA2A8B00CA3E68 /* QueenTests.swift */; };
		893F521A2AEA2AE900CA3E68 /* KnightTests.swift in Sources */ = {isa = PBXBuildFile; fileRef = 893F52192AEA2AE900CA3E68 /* KnightTests.swift */; };
		893F521C2AEA318D00CA3E68 /* DistanceCalculatable.swift in Sources */ = {isa = PBXBuildFile; fileRef = 893F521B2AEA318D00CA3E68 /* DistanceCalculatable.swift */; };
		893F52202AEA5E5000CA3E68 /* Array+.swift in Sources */ = {isa = PBXBuildFile; fileRef = 893F521F2AEA5E5000CA3E68 /* Array+.swift */; };
		894F37212AF34DD20086E869 /* PieceStrategy.swift in Sources */ = {isa = PBXBuildFile; fileRef = 894F37202AF34DD20086E869 /* PieceStrategy.swift */; };
		894F37232AF388C00086E869 /* EmptyPiecesManager.swift in Sources */ = {isa = PBXBuildFile; fileRef = 894F37222AF388C00086E869 /* EmptyPiecesManager.swift */; };
		8957D9CB2ADD15F900B7606D /* AppDelegate.swift in Sources */ = {isa = PBXBuildFile; fileRef = 8957D9CA2ADD15F900B7606D /* AppDelegate.swift */; };
		8957D9CD2ADD15F900B7606D /* SceneDelegate.swift in Sources */ = {isa = PBXBuildFile; fileRef = 8957D9CC2ADD15F900B7606D /* SceneDelegate.swift */; };
		8957D9CF2ADD15F900B7606D /* BoardViewController.swift in Sources */ = {isa = PBXBuildFile; fileRef = 8957D9CE2ADD15F900B7606D /* BoardViewController.swift */; };
		8957D9D42ADD15FD00B7606D /* Assets.xcassets in Resources */ = {isa = PBXBuildFile; fileRef = 8957D9D32ADD15FD00B7606D /* Assets.xcassets */; };
		8957D9D72ADD15FD00B7606D /* LaunchScreen.storyboard in Resources */ = {isa = PBXBuildFile; fileRef = 8957D9D52ADD15FD00B7606D /* LaunchScreen.storyboard */; };
		895A60BA2AF8CF84001528BC /* UIColor+.swift in Sources */ = {isa = PBXBuildFile; fileRef = 895A60B92AF8CF84001528BC /* UIColor+.swift */; };
		895A60BF2AF8D7DB001528BC /* BoardViewModel.swift in Sources */ = {isa = PBXBuildFile; fileRef = 895A60BE2AF8D7DB001528BC /* BoardViewModel.swift */; };
		895A60C12AF8D9FF001528BC /* ViewModel.swift in Sources */ = {isa = PBXBuildFile; fileRef = 895A60C02AF8D9FF001528BC /* ViewModel.swift */; };
		895A60C42AF8DD3C001528BC /* BoardViewController+DataSource.swift in Sources */ = {isa = PBXBuildFile; fileRef = 895A60C32AF8DD3C001528BC /* BoardViewController+DataSource.swift */; };
		895A60C92AF8DDC3001528BC /* BoardCollectionViewCell.swift in Sources */ = {isa = PBXBuildFile; fileRef = 895A60C82AF8DDC3001528BC /* BoardCollectionViewCell.swift */; };
		895A60CB2AF8DF0F001528BC /* UICollectionView+.swift in Sources */ = {isa = PBXBuildFile; fileRef = 895A60CA2AF8DF0F001528BC /* UICollectionView+.swift */; };
		895A60CD2AF8DFCE001528BC /* Reusable.swift in Sources */ = {isa = PBXBuildFile; fileRef = 895A60CC2AF8DFCE001528BC /* Reusable.swift */; };
		895A60CF2AF8E6AF001528BC /* BoardLayoutGuide.swift in Sources */ = {isa = PBXBuildFile; fileRef = 895A60CE2AF8E6AF001528BC /* BoardLayoutGuide.swift */; };
		895A60D12AF8E8A4001528BC /* DeviceInfo.swift in Sources */ = {isa = PBXBuildFile; fileRef = 895A60D02AF8E8A4001528BC /* DeviceInfo.swift */; };
		895A60D32AF8ECFC001528BC /* ScoreView.swift in Sources */ = {isa = PBXBuildFile; fileRef = 895A60D22AF8ECFC001528BC /* ScoreView.swift */; };
		8962896D2ADF1FA900D31D25 /* BoardTests.swift in Sources */ = {isa = PBXBuildFile; fileRef = 8962896C2ADF1FA900D31D25 /* BoardTests.swift */; };
		8962896F2ADF2C2E00D31D25 /* InputError.swift in Sources */ = {isa = PBXBuildFile; fileRef = 8962896E2ADF2C2E00D31D25 /* InputError.swift */; };
		896289712ADFC19600D31D25 /* InputManager.swift in Sources */ = {isa = PBXBuildFile; fileRef = 896289702ADFC19600D31D25 /* InputManager.swift */; };
		896289732ADFCAD300D31D25 /* ValidationError.swift in Sources */ = {isa = PBXBuildFile; fileRef = 896289722ADFCAD300D31D25 /* ValidationError.swift */; };
		89B5A00C2ADEF9EF007A1988 /* Board.swift in Sources */ = {isa = PBXBuildFile; fileRef = 89B5A00B2ADEF9EF007A1988 /* Board.swift */; };
		89B5A00F2ADEFA46007A1988 /* Pawn.swift in Sources */ = {isa = PBXBuildFile; fileRef = 89B5A00E2ADEFA46007A1988 /* Pawn.swift */; };
		89B5A0112ADEFBCC007A1988 /* Color.swift in Sources */ = {isa = PBXBuildFile; fileRef = 89B5A0102ADEFBCC007A1988 /* Color.swift */; };
		89B5A0132ADEFD55007A1988 /* Position.swift in Sources */ = {isa = PBXBuildFile; fileRef = 89B5A0122ADEFD55007A1988 /* Position.swift */; };
		89B5A0152ADF0BF3007A1988 /* PiecesManager.swift in Sources */ = {isa = PBXBuildFile; fileRef = 89B5A0142ADF0BF3007A1988 /* PiecesManager.swift */; };
/* End PBXBuildFile section */

/* Begin PBXContainerItemProxy section */
		8957D9DE2ADD15FD00B7606D /* PBXContainerItemProxy */ = {
			isa = PBXContainerItemProxy;
			containerPortal = 8957D9BF2ADD15F900B7606D /* Project object */;
			proxyType = 1;
			remoteGlobalIDString = 8957D9C62ADD15F900B7606D;
			remoteInfo = ChessApp;
		};
/* End PBXContainerItemProxy section */

/* Begin PBXFileReference section */
		2907FCFC39FB58EF2E54902C /* Pods_ChessAppTests.framework */ = {isa = PBXFileReference; explicitFileType = wrapper.framework; includeInIndex = 0; path = Pods_ChessAppTests.framework; sourceTree = BUILT_PRODUCTS_DIR; };
		3528B6EA38845C422959702B /* Pods-ChessAppTests.release.xcconfig */ = {isa = PBXFileReference; includeInIndex = 1; lastKnownFileType = text.xcconfig; name = "Pods-ChessAppTests.release.xcconfig"; path = "Target Support Files/Pods-ChessAppTests/Pods-ChessAppTests.release.xcconfig"; sourceTree = "<group>"; };
		591725D1BC24BF98B65386C9 /* Pods-ChessAppTests.debug.xcconfig */ = {isa = PBXFileReference; includeInIndex = 1; lastKnownFileType = text.xcconfig; name = "Pods-ChessAppTests.debug.xcconfig"; path = "Target Support Files/Pods-ChessAppTests/Pods-ChessAppTests.debug.xcconfig"; sourceTree = "<group>"; };
		75DF558ABBC751FA95357F99 /* Pods_ChessApp.framework */ = {isa = PBXFileReference; explicitFileType = wrapper.framework; includeInIndex = 0; path = Pods_ChessApp.framework; sourceTree = BUILT_PRODUCTS_DIR; };
		890880072AE7378C0049E578 /* File.swift */ = {isa = PBXFileReference; lastKnownFileType = sourcecode.swift; path = File.swift; sourceTree = "<group>"; };
		890880092AE737AB0049E578 /* Rank.swift */ = {isa = PBXFileReference; lastKnownFileType = sourcecode.swift; path = Rank.swift; sourceTree = "<group>"; };
		8908800C2AE73AF80049E578 /* InputManagerTests.swift */ = {isa = PBXFileReference; lastKnownFileType = sourcecode.swift; path = InputManagerTests.swift; sourceTree = "<group>"; };
		8908800E2AE74ACD0049E578 /* PawnTests.swift */ = {isa = PBXFileReference; lastKnownFileType = sourcecode.swift; path = PawnTests.swift; sourceTree = "<group>"; };
		890880102AE753C30049E578 /* BoardTests+Stub.swift */ = {isa = PBXFileReference; lastKnownFileType = sourcecode.swift; path = "BoardTests+Stub.swift"; sourceTree = "<group>"; };
		893F52042AEA262A00CA3E68 /* Piece.swift */ = {isa = PBXFileReference; lastKnownFileType = sourcecode.swift; path = Piece.swift; sourceTree = "<group>"; };
		893F52062AEA268A00CA3E68 /* Bishop.swift */ = {isa = PBXFileReference; lastKnownFileType = sourcecode.swift; path = Bishop.swift; sourceTree = "<group>"; };
		893F52082AEA269C00CA3E68 /* Rook.swift */ = {isa = PBXFileReference; lastKnownFileType = sourcecode.swift; path = Rook.swift; sourceTree = "<group>"; };
		893F520A2AEA287200CA3E68 /* Queen.swift */ = {isa = PBXFileReference; lastKnownFileType = sourcecode.swift; path = Queen.swift; sourceTree = "<group>"; };
		893F520C2AEA293B00CA3E68 /* Knight.swift */ = {isa = PBXFileReference; lastKnownFileType = sourcecode.swift; path = Knight.swift; sourceTree = "<group>"; };
		893F52132AEA2A7700CA3E68 /* BishopTests.swift */ = {isa = PBXFileReference; lastKnownFileType = sourcecode.swift; path = BishopTests.swift; sourceTree = "<group>"; };
		893F52152AEA2A7F00CA3E68 /* RookTests.swift */ = {isa = PBXFileReference; lastKnownFileType = sourcecode.swift; path = RookTests.swift; sourceTree = "<group>"; };
		893F52172AEA2A8B00CA3E68 /* QueenTests.swift */ = {isa = PBXFileReference; lastKnownFileType = sourcecode.swift; path = QueenTests.swift; sourceTree = "<group>"; };
		893F52192AEA2AE900CA3E68 /* KnightTests.swift */ = {isa = PBXFileReference; lastKnownFileType = sourcecode.swift; path = KnightTests.swift; sourceTree = "<group>"; };
		893F521B2AEA318D00CA3E68 /* DistanceCalculatable.swift */ = {isa = PBXFileReference; lastKnownFileType = sourcecode.swift; path = DistanceCalculatable.swift; sourceTree = "<group>"; };
		893F521F2AEA5E5000CA3E68 /* Array+.swift */ = {isa = PBXFileReference; lastKnownFileType = sourcecode.swift; path = "Array+.swift"; sourceTree = "<group>"; };
		894F37202AF34DD20086E869 /* PieceStrategy.swift */ = {isa = PBXFileReference; lastKnownFileType = sourcecode.swift; path = PieceStrategy.swift; sourceTree = "<group>"; };
		894F37222AF388C00086E869 /* EmptyPiecesManager.swift */ = {isa = PBXFileReference; lastKnownFileType = sourcecode.swift; path = EmptyPiecesManager.swift; sourceTree = "<group>"; };
		8957D9C72ADD15F900B7606D /* ChessApp.app */ = {isa = PBXFileReference; explicitFileType = wrapper.application; includeInIndex = 0; path = ChessApp.app; sourceTree = BUILT_PRODUCTS_DIR; };
		8957D9CA2ADD15F900B7606D /* AppDelegate.swift */ = {isa = PBXFileReference; lastKnownFileType = sourcecode.swift; path = AppDelegate.swift; sourceTree = "<group>"; };
		8957D9CC2ADD15F900B7606D /* SceneDelegate.swift */ = {isa = PBXFileReference; lastKnownFileType = sourcecode.swift; path = SceneDelegate.swift; sourceTree = "<group>"; };
		8957D9CE2ADD15F900B7606D /* BoardViewController.swift */ = {isa = PBXFileReference; lastKnownFileType = sourcecode.swift; path = BoardViewController.swift; sourceTree = "<group>"; };
		8957D9D32ADD15FD00B7606D /* Assets.xcassets */ = {isa = PBXFileReference; lastKnownFileType = folder.assetcatalog; path = Assets.xcassets; sourceTree = "<group>"; };
		8957D9D62ADD15FD00B7606D /* Base */ = {isa = PBXFileReference; lastKnownFileType = file.storyboard; name = Base; path = Base.lproj/LaunchScreen.storyboard; sourceTree = "<group>"; };
		8957D9D82ADD15FD00B7606D /* Info.plist */ = {isa = PBXFileReference; lastKnownFileType = text.plist.xml; path = Info.plist; sourceTree = "<group>"; };
		8957D9DD2ADD15FD00B7606D /* ChessAppTests.xctest */ = {isa = PBXFileReference; explicitFileType = wrapper.cfbundle; includeInIndex = 0; path = ChessAppTests.xctest; sourceTree = BUILT_PRODUCTS_DIR; };
		895A60B92AF8CF84001528BC /* UIColor+.swift */ = {isa = PBXFileReference; lastKnownFileType = sourcecode.swift; path = "UIColor+.swift"; sourceTree = "<group>"; };
		895A60BE2AF8D7DB001528BC /* BoardViewModel.swift */ = {isa = PBXFileReference; lastKnownFileType = sourcecode.swift; path = BoardViewModel.swift; sourceTree = "<group>"; };
		895A60C02AF8D9FF001528BC /* ViewModel.swift */ = {isa = PBXFileReference; lastKnownFileType = sourcecode.swift; path = ViewModel.swift; sourceTree = "<group>"; };
		895A60C32AF8DD3C001528BC /* BoardViewController+DataSource.swift */ = {isa = PBXFileReference; lastKnownFileType = sourcecode.swift; path = "BoardViewController+DataSource.swift"; sourceTree = "<group>"; };
		895A60C82AF8DDC3001528BC /* BoardCollectionViewCell.swift */ = {isa = PBXFileReference; lastKnownFileType = sourcecode.swift; path = BoardCollectionViewCell.swift; sourceTree = "<group>"; };
		895A60CA2AF8DF0F001528BC /* UICollectionView+.swift */ = {isa = PBXFileReference; lastKnownFileType = sourcecode.swift; path = "UICollectionView+.swift"; sourceTree = "<group>"; };
		895A60CC2AF8DFCE001528BC /* Reusable.swift */ = {isa = PBXFileReference; lastKnownFileType = sourcecode.swift; path = Reusable.swift; sourceTree = "<group>"; };
		895A60CE2AF8E6AF001528BC /* BoardLayoutGuide.swift */ = {isa = PBXFileReference; lastKnownFileType = sourcecode.swift; path = BoardLayoutGuide.swift; sourceTree = "<group>"; };
		895A60D02AF8E8A4001528BC /* DeviceInfo.swift */ = {isa = PBXFileReference; lastKnownFileType = sourcecode.swift; path = DeviceInfo.swift; sourceTree = "<group>"; };
		895A60D22AF8ECFC001528BC /* ScoreView.swift */ = {isa = PBXFileReference; lastKnownFileType = sourcecode.swift; path = ScoreView.swift; sourceTree = "<group>"; };
		8962896B2ADF1FA900D31D25 /* ChessAppTests-Bridging-Header.h */ = {isa = PBXFileReference; lastKnownFileType = sourcecode.c.h; path = "ChessAppTests-Bridging-Header.h"; sourceTree = "<group>"; };
		8962896C2ADF1FA900D31D25 /* BoardTests.swift */ = {isa = PBXFileReference; lastKnownFileType = sourcecode.swift; path = BoardTests.swift; sourceTree = "<group>"; };
		8962896E2ADF2C2E00D31D25 /* InputError.swift */ = {isa = PBXFileReference; lastKnownFileType = sourcecode.swift; path = InputError.swift; sourceTree = "<group>"; };
		896289702ADFC19600D31D25 /* InputManager.swift */ = {isa = PBXFileReference; lastKnownFileType = sourcecode.swift; path = InputManager.swift; sourceTree = "<group>"; };
		896289722ADFCAD300D31D25 /* ValidationError.swift */ = {isa = PBXFileReference; lastKnownFileType = sourcecode.swift; path = ValidationError.swift; sourceTree = "<group>"; };
		89B5A00B2ADEF9EF007A1988 /* Board.swift */ = {isa = PBXFileReference; lastKnownFileType = sourcecode.swift; path = Board.swift; sourceTree = "<group>"; };
		89B5A00E2ADEFA46007A1988 /* Pawn.swift */ = {isa = PBXFileReference; lastKnownFileType = sourcecode.swift; path = Pawn.swift; sourceTree = "<group>"; };
		89B5A0102ADEFBCC007A1988 /* Color.swift */ = {isa = PBXFileReference; lastKnownFileType = sourcecode.swift; path = Color.swift; sourceTree = "<group>"; };
		89B5A0122ADEFD55007A1988 /* Position.swift */ = {isa = PBXFileReference; lastKnownFileType = sourcecode.swift; path = Position.swift; sourceTree = "<group>"; };
		89B5A0142ADF0BF3007A1988 /* PiecesManager.swift */ = {isa = PBXFileReference; lastKnownFileType = sourcecode.swift; path = PiecesManager.swift; sourceTree = "<group>"; };
		A81BDE92A7759BFA531DE28F /* Pods-ChessApp.debug.xcconfig */ = {isa = PBXFileReference; includeInIndex = 1; lastKnownFileType = text.xcconfig; name = "Pods-ChessApp.debug.xcconfig"; path = "Target Support Files/Pods-ChessApp/Pods-ChessApp.debug.xcconfig"; sourceTree = "<group>"; };
		F7DDB3B9167C9B3021257115 /* Pods-ChessApp.release.xcconfig */ = {isa = PBXFileReference; includeInIndex = 1; lastKnownFileType = text.xcconfig; name = "Pods-ChessApp.release.xcconfig"; path = "Target Support Files/Pods-ChessApp/Pods-ChessApp.release.xcconfig"; sourceTree = "<group>"; };
/* End PBXFileReference section */

/* Begin PBXFrameworksBuildPhase section */
		8957D9C42ADD15F900B7606D /* Frameworks */ = {
			isa = PBXFrameworksBuildPhase;
			buildActionMask = 2147483647;
			files = (
				79BC03114119B6F9DB6F2329 /* Pods_ChessApp.framework in Frameworks */,
			);
			runOnlyForDeploymentPostprocessing = 0;
		};
		8957D9DA2ADD15FD00B7606D /* Frameworks */ = {
			isa = PBXFrameworksBuildPhase;
			buildActionMask = 2147483647;
			files = (
				743BD09D6D9F8862DBB1EE9E /* Pods_ChessAppTests.framework in Frameworks */,
			);
			runOnlyForDeploymentPostprocessing = 0;
		};
/* End PBXFrameworksBuildPhase section */

/* Begin PBXGroup section */
		7016BC0280B23DA72BAE5A37 /* Pods */ = {
			isa = PBXGroup;
			children = (
				A81BDE92A7759BFA531DE28F /* Pods-ChessApp.debug.xcconfig */,
				F7DDB3B9167C9B3021257115 /* Pods-ChessApp.release.xcconfig */,
				591725D1BC24BF98B65386C9 /* Pods-ChessAppTests.debug.xcconfig */,
				3528B6EA38845C422959702B /* Pods-ChessAppTests.release.xcconfig */,
			);
			path = Pods;
			sourceTree = "<group>";
		};
		893F52032AEA261500CA3E68 /* Pieces */ = {
			isa = PBXGroup;
			children = (
				894F37202AF34DD20086E869 /* PieceStrategy.swift */,
				893F52042AEA262A00CA3E68 /* Piece.swift */,
				89B5A00E2ADEFA46007A1988 /* Pawn.swift */,
				893F52062AEA268A00CA3E68 /* Bishop.swift */,
				893F520C2AEA293B00CA3E68 /* Knight.swift */,
				893F52082AEA269C00CA3E68 /* Rook.swift */,
				893F520A2AEA287200CA3E68 /* Queen.swift */,
			);
			path = Pieces;
			sourceTree = "<group>";
		};
		893F520E2AEA2A3600CA3E68 /* PieceTests */ = {
			isa = PBXGroup;
			children = (
				8908800E2AE74ACD0049E578 /* PawnTests.swift */,
				893F52132AEA2A7700CA3E68 /* BishopTests.swift */,
				893F52192AEA2AE900CA3E68 /* KnightTests.swift */,
				893F52152AEA2A7F00CA3E68 /* RookTests.swift */,
				893F52172AEA2A8B00CA3E68 /* QueenTests.swift */,
				894F37222AF388C00086E869 /* EmptyPiecesManager.swift */,
			);
			path = PieceTests;
			sourceTree = "<group>";
		};
		893F521D2AEA58FB00CA3E68 /* Board */ = {
			isa = PBXGroup;
			children = (
				89B5A00B2ADEF9EF007A1988 /* Board.swift */,
				89B5A0142ADF0BF3007A1988 /* PiecesManager.swift */,
			);
			path = Board;
			sourceTree = "<group>";
		};
		893F521E2AEA590E00CA3E68 /* MetaData */ = {
			isa = PBXGroup;
			children = (
				89B5A0102ADEFBCC007A1988 /* Color.swift */,
				89B5A0122ADEFD55007A1988 /* Position.swift */,
				893F521B2AEA318D00CA3E68 /* DistanceCalculatable.swift */,
				890880072AE7378C0049E578 /* File.swift */,
				890880092AE737AB0049E578 /* Rank.swift */,
			);
			path = MetaData;
			sourceTree = "<group>";
		};
		8957D9BE2ADD15F900B7606D = {
			isa = PBXGroup;
			children = (
				8957D9C92ADD15F900B7606D /* ChessApp */,
				8957D9E02ADD15FD00B7606D /* ChessAppTests */,
				8957D9C82ADD15F900B7606D /* Products */,
				7016BC0280B23DA72BAE5A37 /* Pods */,
				BD7285255FEAFAF9D6B1C5F4 /* Frameworks */,
			);
			sourceTree = "<group>";
		};
		8957D9C82ADD15F900B7606D /* Products */ = {
			isa = PBXGroup;
			children = (
				8957D9C72ADD15F900B7606D /* ChessApp.app */,
				8957D9DD2ADD15FD00B7606D /* ChessAppTests.xctest */,
			);
			name = Products;
			sourceTree = "<group>";
		};
		8957D9C92ADD15F900B7606D /* ChessApp */ = {
			isa = PBXGroup;
			children = (
				8957D9CA2ADD15F900B7606D /* AppDelegate.swift */,
				8957D9CC2ADD15F900B7606D /* SceneDelegate.swift */,
				895A60B82AF8CF77001528BC /* Extension */,
				895A60C72AF8DDB3001528BC /* View */,
				895A60C22AF8DD10001528BC /* ViewController */,
				895A60BD2AF8D7D0001528BC /* ViewModel */,
				895A60BB2AF8D732001528BC /* Model */,
				895A60BC2AF8D75D001528BC /* Error */,
				8957D9D32ADD15FD00B7606D /* Assets.xcassets */,
				8957D9D52ADD15FD00B7606D /* LaunchScreen.storyboard */,
				8957D9D82ADD15FD00B7606D /* Info.plist */,
			);
			path = ChessApp;
			sourceTree = "<group>";
		};
		8957D9E02ADD15FD00B7606D /* ChessAppTests */ = {
			isa = PBXGroup;
			children = (
				8962896C2ADF1FA900D31D25 /* BoardTests.swift */,
				890880102AE753C30049E578 /* BoardTests+Stub.swift */,
				8908800C2AE73AF80049E578 /* InputManagerTests.swift */,
				893F520E2AEA2A3600CA3E68 /* PieceTests */,
				8962896B2ADF1FA900D31D25 /* ChessAppTests-Bridging-Header.h */,
			);
			path = ChessAppTests;
			sourceTree = "<group>";
		};
		895A60B82AF8CF77001528BC /* Extension */ = {
			isa = PBXGroup;
			children = (
				895A60CA2AF8DF0F001528BC /* UICollectionView+.swift */,
				893F521F2AEA5E5000CA3E68 /* Array+.swift */,
				895A60B92AF8CF84001528BC /* UIColor+.swift */,
			);
			path = Extension;
			sourceTree = "<group>";
		};
		895A60BB2AF8D732001528BC /* Model */ = {
			isa = PBXGroup;
			children = (
				896289702ADFC19600D31D25 /* InputManager.swift */,
				893F521D2AEA58FB00CA3E68 /* Board */,
				893F52032AEA261500CA3E68 /* Pieces */,
				893F521E2AEA590E00CA3E68 /* MetaData */,
			);
			path = Model;
			sourceTree = "<group>";
		};
		895A60BC2AF8D75D001528BC /* Error */ = {
			isa = PBXGroup;
			children = (
				896289722ADFCAD300D31D25 /* ValidationError.swift */,
				8962896E2ADF2C2E00D31D25 /* InputError.swift */,
			);
			path = Error;
			sourceTree = "<group>";
		};
		895A60BD2AF8D7D0001528BC /* ViewModel */ = {
			isa = PBXGroup;
			children = (
				895A60C02AF8D9FF001528BC /* ViewModel.swift */,
				895A60BE2AF8D7DB001528BC /* BoardViewModel.swift */,
			);
			path = ViewModel;
			sourceTree = "<group>";
		};
		895A60C22AF8DD10001528BC /* ViewController */ = {
			isa = PBXGroup;
			children = (
				8957D9CE2ADD15F900B7606D /* BoardViewController.swift */,
				895A60C32AF8DD3C001528BC /* BoardViewController+DataSource.swift */,
				895A60CE2AF8E6AF001528BC /* BoardLayoutGuide.swift */,
			);
			path = ViewController;
			sourceTree = "<group>";
		};
		895A60C72AF8DDB3001528BC /* View */ = {
			isa = PBXGroup;
			children = (
				895A60CC2AF8DFCE001528BC /* Reusable.swift */,
				895A60D22AF8ECFC001528BC /* ScoreView.swift */,
				895A60C82AF8DDC3001528BC /* BoardCollectionViewCell.swift */,
				895A60D02AF8E8A4001528BC /* DeviceInfo.swift */,
			);
			path = View;
			sourceTree = "<group>";
		};
		BD7285255FEAFAF9D6B1C5F4 /* Frameworks */ = {
			isa = PBXGroup;
			children = (
				75DF558ABBC751FA95357F99 /* Pods_ChessApp.framework */,
				2907FCFC39FB58EF2E54902C /* Pods_ChessAppTests.framework */,
			);
			name = Frameworks;
			sourceTree = "<group>";
		};
/* End PBXGroup section */

/* Begin PBXNativeTarget section */
		8957D9C62ADD15F900B7606D /* ChessApp */ = {
			isa = PBXNativeTarget;
			buildConfigurationList = 8957D9F12ADD15FD00B7606D /* Build configuration list for PBXNativeTarget "ChessApp" */;
			buildPhases = (
				9AFD5241DAAFC2C2E5211F60 /* [CP] Check Pods Manifest.lock */,
				8957D9C32ADD15F900B7606D /* Sources */,
				8957D9C42ADD15F900B7606D /* Frameworks */,
				8957D9C52ADD15F900B7606D /* Resources */,
				895855DEDA3E82665696F7C7 /* [CP] Embed Pods Frameworks */,
			);
			buildRules = (
			);
			dependencies = (
			);
			name = ChessApp;
			productName = ChessApp;
			productReference = 8957D9C72ADD15F900B7606D /* ChessApp.app */;
			productType = "com.apple.product-type.application";
		};
		8957D9DC2ADD15FD00B7606D /* ChessAppTests */ = {
			isa = PBXNativeTarget;
			buildConfigurationList = 8957D9F42ADD15FD00B7606D /* Build configuration list for PBXNativeTarget "ChessAppTests" */;
			buildPhases = (
				58046004050327F9286F85AA /* [CP] Check Pods Manifest.lock */,
				8957D9D92ADD15FD00B7606D /* Sources */,
				8957D9DA2ADD15FD00B7606D /* Frameworks */,
				8957D9DB2ADD15FD00B7606D /* Resources */,
			);
			buildRules = (
			);
			dependencies = (
				8957D9DF2ADD15FD00B7606D /* PBXTargetDependency */,
			);
			name = ChessAppTests;
			productName = ChessAppTests;
			productReference = 8957D9DD2ADD15FD00B7606D /* ChessAppTests.xctest */;
			productType = "com.apple.product-type.bundle.unit-test";
		};
/* End PBXNativeTarget section */

/* Begin PBXProject section */
		8957D9BF2ADD15F900B7606D /* Project object */ = {
			isa = PBXProject;
			attributes = {
				BuildIndependentTargetsInParallel = 1;
				LastSwiftUpdateCheck = 1420;
				LastUpgradeCheck = 1420;
				TargetAttributes = {
					8957D9C62ADD15F900B7606D = {
						CreatedOnToolsVersion = 14.2;
					};
					8957D9DC2ADD15FD00B7606D = {
						CreatedOnToolsVersion = 14.2;
						LastSwiftMigration = 1420;
						TestTargetID = 8957D9C62ADD15F900B7606D;
					};
				};
			};
			buildConfigurationList = 8957D9C22ADD15F900B7606D /* Build configuration list for PBXProject "ChessApp" */;
			compatibilityVersion = "Xcode 14.0";
			developmentRegion = en;
			hasScannedForEncodings = 0;
			knownRegions = (
				en,
				Base,
			);
			mainGroup = 8957D9BE2ADD15F900B7606D;
			productRefGroup = 8957D9C82ADD15F900B7606D /* Products */;
			projectDirPath = "";
			projectRoot = "";
			targets = (
				8957D9C62ADD15F900B7606D /* ChessApp */,
				8957D9DC2ADD15FD00B7606D /* ChessAppTests */,
			);
		};
/* End PBXProject section */

/* Begin PBXResourcesBuildPhase section */
		8957D9C52ADD15F900B7606D /* Resources */ = {
			isa = PBXResourcesBuildPhase;
			buildActionMask = 2147483647;
			files = (
				8957D9D72ADD15FD00B7606D /* LaunchScreen.storyboard in Resources */,
				8957D9D42ADD15FD00B7606D /* Assets.xcassets in Resources */,
			);
			runOnlyForDeploymentPostprocessing = 0;
		};
		8957D9DB2ADD15FD00B7606D /* Resources */ = {
			isa = PBXResourcesBuildPhase;
			buildActionMask = 2147483647;
			files = (
			);
			runOnlyForDeploymentPostprocessing = 0;
		};
/* End PBXResourcesBuildPhase section */

/* Begin PBXShellScriptBuildPhase section */
		58046004050327F9286F85AA /* [CP] Check Pods Manifest.lock */ = {
			isa = PBXShellScriptBuildPhase;
			buildActionMask = 2147483647;
			files = (
			);
			inputFileListPaths = (
			);
			inputPaths = (
				"${PODS_PODFILE_DIR_PATH}/Podfile.lock",
				"${PODS_ROOT}/Manifest.lock",
			);
			name = "[CP] Check Pods Manifest.lock";
			outputFileListPaths = (
			);
			outputPaths = (
				"$(DERIVED_FILE_DIR)/Pods-ChessAppTests-checkManifestLockResult.txt",
			);
			runOnlyForDeploymentPostprocessing = 0;
			shellPath = /bin/sh;
			shellScript = "diff \"${PODS_PODFILE_DIR_PATH}/Podfile.lock\" \"${PODS_ROOT}/Manifest.lock\" > /dev/null\nif [ $? != 0 ] ; then\n    # print error to STDERR\n    echo \"error: The sandbox is not in sync with the Podfile.lock. Run 'pod install' or update your CocoaPods installation.\" >&2\n    exit 1\nfi\n# This output is used by Xcode 'outputs' to avoid re-running this script phase.\necho \"SUCCESS\" > \"${SCRIPT_OUTPUT_FILE_0}\"\n";
			showEnvVarsInLog = 0;
		};
		895855DEDA3E82665696F7C7 /* [CP] Embed Pods Frameworks */ = {
			isa = PBXShellScriptBuildPhase;
			buildActionMask = 2147483647;
			files = (
			);
			inputFileListPaths = (
				"${PODS_ROOT}/Target Support Files/Pods-ChessApp/Pods-ChessApp-frameworks-${CONFIGURATION}-input-files.xcfilelist",
			);
			name = "[CP] Embed Pods Frameworks";
			outputFileListPaths = (
				"${PODS_ROOT}/Target Support Files/Pods-ChessApp/Pods-ChessApp-frameworks-${CONFIGURATION}-output-files.xcfilelist",
			);
			runOnlyForDeploymentPostprocessing = 0;
			shellPath = /bin/sh;
			shellScript = "\"${PODS_ROOT}/Target Support Files/Pods-ChessApp/Pods-ChessApp-frameworks.sh\"\n";
			showEnvVarsInLog = 0;
		};
		9AFD5241DAAFC2C2E5211F60 /* [CP] Check Pods Manifest.lock */ = {
			isa = PBXShellScriptBuildPhase;
			buildActionMask = 2147483647;
			files = (
			);
			inputFileListPaths = (
			);
			inputPaths = (
				"${PODS_PODFILE_DIR_PATH}/Podfile.lock",
				"${PODS_ROOT}/Manifest.lock",
			);
			name = "[CP] Check Pods Manifest.lock";
			outputFileListPaths = (
			);
			outputPaths = (
				"$(DERIVED_FILE_DIR)/Pods-ChessApp-checkManifestLockResult.txt",
			);
			runOnlyForDeploymentPostprocessing = 0;
			shellPath = /bin/sh;
			shellScript = "diff \"${PODS_PODFILE_DIR_PATH}/Podfile.lock\" \"${PODS_ROOT}/Manifest.lock\" > /dev/null\nif [ $? != 0 ] ; then\n    # print error to STDERR\n    echo \"error: The sandbox is not in sync with the Podfile.lock. Run 'pod install' or update your CocoaPods installation.\" >&2\n    exit 1\nfi\n# This output is used by Xcode 'outputs' to avoid re-running this script phase.\necho \"SUCCESS\" > \"${SCRIPT_OUTPUT_FILE_0}\"\n";
			showEnvVarsInLog = 0;
		};
/* End PBXShellScriptBuildPhase section */

/* Begin PBXSourcesBuildPhase section */
		8957D9C32ADD15F900B7606D /* Sources */ = {
			isa = PBXSourcesBuildPhase;
			buildActionMask = 2147483647;
			files = (
				893F52092AEA269C00CA3E68 /* Rook.swift in Sources */,
				896289712ADFC19600D31D25 /* InputManager.swift in Sources */,
				890880082AE7378C0049E578 /* File.swift in Sources */,
				8957D9CF2ADD15F900B7606D /* BoardViewController.swift in Sources */,
				893F520D2AEA293B00CA3E68 /* Knight.swift in Sources */,
				895A60BA2AF8CF84001528BC /* UIColor+.swift in Sources */,
				895A60D32AF8ECFC001528BC /* ScoreView.swift in Sources */,
				8962896F2ADF2C2E00D31D25 /* InputError.swift in Sources */,
				8957D9CB2ADD15F900B7606D /* AppDelegate.swift in Sources */,
				89B5A00C2ADEF9EF007A1988 /* Board.swift in Sources */,
				893F520B2AEA287200CA3E68 /* Queen.swift in Sources */,
				895A60C42AF8DD3C001528BC /* BoardViewController+DataSource.swift in Sources */,
				895A60C92AF8DDC3001528BC /* BoardCollectionViewCell.swift in Sources */,
				893F52202AEA5E5000CA3E68 /* Array+.swift in Sources */,
				89B5A00F2ADEFA46007A1988 /* Pawn.swift in Sources */,
				894F37212AF34DD20086E869 /* PieceStrategy.swift in Sources */,
				8957D9CD2ADD15F900B7606D /* SceneDelegate.swift in Sources */,
				893F52052AEA262A00CA3E68 /* Piece.swift in Sources */,
				895A60CF2AF8E6AF001528BC /* BoardLayoutGuide.swift in Sources */,
				895A60BF2AF8D7DB001528BC /* BoardViewModel.swift in Sources */,
				896289732ADFCAD300D31D25 /* ValidationError.swift in Sources */,
				89B5A0112ADEFBCC007A1988 /* Color.swift in Sources */,
				893F52072AEA268A00CA3E68 /* Bishop.swift in Sources */,
				895A60CB2AF8DF0F001528BC /* UICollectionView+.swift in Sources */,
				89B5A0132ADEFD55007A1988 /* Position.swift in Sources */,
				895A60D12AF8E8A4001528BC /* DeviceInfo.swift in Sources */,
				8908800A2AE737AB0049E578 /* Rank.swift in Sources */,
				89B5A0152ADF0BF3007A1988 /* PiecesManager.swift in Sources */,
				895A60CD2AF8DFCE001528BC /* Reusable.swift in Sources */,
				895A60C12AF8D9FF001528BC /* ViewModel.swift in Sources */,
				893F521C2AEA318D00CA3E68 /* DistanceCalculatable.swift in Sources */,
			);
			runOnlyForDeploymentPostprocessing = 0;
		};
		8957D9D92ADD15FD00B7606D /* Sources */ = {
			isa = PBXSourcesBuildPhase;
			buildActionMask = 2147483647;
			files = (
				8908800F2AE74ACD0049E578 /* PawnTests.swift in Sources */,
				893F52182AEA2A8B00CA3E68 /* QueenTests.swift in Sources */,
				8908800D2AE73AF80049E578 /* InputManagerTests.swift in Sources */,
				893F52142AEA2A7700CA3E68 /* BishopTests.swift in Sources */,
				893F521A2AEA2AE900CA3E68 /* KnightTests.swift in Sources */,
				894F37232AF388C00086E869 /* EmptyPiecesManager.swift in Sources */,
				890880112AE753C30049E578 /* BoardTests+Stub.swift in Sources */,
				893F52162AEA2A7F00CA3E68 /* RookTests.swift in Sources */,
				8962896D2ADF1FA900D31D25 /* BoardTests.swift in Sources */,
			);
			runOnlyForDeploymentPostprocessing = 0;
		};
/* End PBXSourcesBuildPhase section */

/* Begin PBXTargetDependency section */
		8957D9DF2ADD15FD00B7606D /* PBXTargetDependency */ = {
			isa = PBXTargetDependency;
			target = 8957D9C62ADD15F900B7606D /* ChessApp */;
			targetProxy = 8957D9DE2ADD15FD00B7606D /* PBXContainerItemProxy */;
		};
/* End PBXTargetDependency section */

/* Begin PBXVariantGroup section */
		8957D9D52ADD15FD00B7606D /* LaunchScreen.storyboard */ = {
			isa = PBXVariantGroup;
			children = (
				8957D9D62ADD15FD00B7606D /* Base */,
			);
			name = LaunchScreen.storyboard;
			sourceTree = "<group>";
		};
/* End PBXVariantGroup section */

/* Begin XCBuildConfiguration section */
		8957D9EF2ADD15FD00B7606D /* Debug */ = {
			isa = XCBuildConfiguration;
			buildSettings = {
				ALWAYS_SEARCH_USER_PATHS = NO;
				CLANG_ANALYZER_NONNULL = YES;
				CLANG_ANALYZER_NUMBER_OBJECT_CONVERSION = YES_AGGRESSIVE;
				CLANG_CXX_LANGUAGE_STANDARD = "gnu++20";
				CLANG_ENABLE_MODULES = YES;
				CLANG_ENABLE_OBJC_ARC = YES;
				CLANG_ENABLE_OBJC_WEAK = YES;
				CLANG_WARN_BLOCK_CAPTURE_AUTORELEASING = YES;
				CLANG_WARN_BOOL_CONVERSION = YES;
				CLANG_WARN_COMMA = YES;
				CLANG_WARN_CONSTANT_CONVERSION = YES;
				CLANG_WARN_DEPRECATED_OBJC_IMPLEMENTATIONS = YES;
				CLANG_WARN_DIRECT_OBJC_ISA_USAGE = YES_ERROR;
				CLANG_WARN_DOCUMENTATION_COMMENTS = YES;
				CLANG_WARN_EMPTY_BODY = YES;
				CLANG_WARN_ENUM_CONVERSION = YES;
				CLANG_WARN_INFINITE_RECURSION = YES;
				CLANG_WARN_INT_CONVERSION = YES;
				CLANG_WARN_NON_LITERAL_NULL_CONVERSION = YES;
				CLANG_WARN_OBJC_IMPLICIT_RETAIN_SELF = YES;
				CLANG_WARN_OBJC_LITERAL_CONVERSION = YES;
				CLANG_WARN_OBJC_ROOT_CLASS = YES_ERROR;
				CLANG_WARN_QUOTED_INCLUDE_IN_FRAMEWORK_HEADER = YES;
				CLANG_WARN_RANGE_LOOP_ANALYSIS = YES;
				CLANG_WARN_STRICT_PROTOTYPES = YES;
				CLANG_WARN_SUSPICIOUS_MOVE = YES;
				CLANG_WARN_UNGUARDED_AVAILABILITY = YES_AGGRESSIVE;
				CLANG_WARN_UNREACHABLE_CODE = YES;
				CLANG_WARN__DUPLICATE_METHOD_MATCH = YES;
				COPY_PHASE_STRIP = NO;
				DEBUG_INFORMATION_FORMAT = dwarf;
				ENABLE_STRICT_OBJC_MSGSEND = YES;
				ENABLE_TESTABILITY = YES;
				GCC_C_LANGUAGE_STANDARD = gnu11;
				GCC_DYNAMIC_NO_PIC = NO;
				GCC_NO_COMMON_BLOCKS = YES;
				GCC_OPTIMIZATION_LEVEL = 0;
				GCC_PREPROCESSOR_DEFINITIONS = (
					"DEBUG=1",
					"$(inherited)",
				);
				GCC_WARN_64_TO_32_BIT_CONVERSION = YES;
				GCC_WARN_ABOUT_RETURN_TYPE = YES_ERROR;
				GCC_WARN_UNDECLARED_SELECTOR = YES;
				GCC_WARN_UNINITIALIZED_AUTOS = YES_AGGRESSIVE;
				GCC_WARN_UNUSED_FUNCTION = YES;
				GCC_WARN_UNUSED_VARIABLE = YES;
				IPHONEOS_DEPLOYMENT_TARGET = 16.2;
				MTL_ENABLE_DEBUG_INFO = INCLUDE_SOURCE;
				MTL_FAST_MATH = YES;
				ONLY_ACTIVE_ARCH = YES;
				SDKROOT = iphoneos;
				SWIFT_ACTIVE_COMPILATION_CONDITIONS = DEBUG;
				SWIFT_OPTIMIZATION_LEVEL = "-Onone";
			};
			name = Debug;
		};
		8957D9F02ADD15FD00B7606D /* Release */ = {
			isa = XCBuildConfiguration;
			buildSettings = {
				ALWAYS_SEARCH_USER_PATHS = NO;
				CLANG_ANALYZER_NONNULL = YES;
				CLANG_ANALYZER_NUMBER_OBJECT_CONVERSION = YES_AGGRESSIVE;
				CLANG_CXX_LANGUAGE_STANDARD = "gnu++20";
				CLANG_ENABLE_MODULES = YES;
				CLANG_ENABLE_OBJC_ARC = YES;
				CLANG_ENABLE_OBJC_WEAK = YES;
				CLANG_WARN_BLOCK_CAPTURE_AUTORELEASING = YES;
				CLANG_WARN_BOOL_CONVERSION = YES;
				CLANG_WARN_COMMA = YES;
				CLANG_WARN_CONSTANT_CONVERSION = YES;
				CLANG_WARN_DEPRECATED_OBJC_IMPLEMENTATIONS = YES;
				CLANG_WARN_DIRECT_OBJC_ISA_USAGE = YES_ERROR;
				CLANG_WARN_DOCUMENTATION_COMMENTS = YES;
				CLANG_WARN_EMPTY_BODY = YES;
				CLANG_WARN_ENUM_CONVERSION = YES;
				CLANG_WARN_INFINITE_RECURSION = YES;
				CLANG_WARN_INT_CONVERSION = YES;
				CLANG_WARN_NON_LITERAL_NULL_CONVERSION = YES;
				CLANG_WARN_OBJC_IMPLICIT_RETAIN_SELF = YES;
				CLANG_WARN_OBJC_LITERAL_CONVERSION = YES;
				CLANG_WARN_OBJC_ROOT_CLASS = YES_ERROR;
				CLANG_WARN_QUOTED_INCLUDE_IN_FRAMEWORK_HEADER = YES;
				CLANG_WARN_RANGE_LOOP_ANALYSIS = YES;
				CLANG_WARN_STRICT_PROTOTYPES = YES;
				CLANG_WARN_SUSPICIOUS_MOVE = YES;
				CLANG_WARN_UNGUARDED_AVAILABILITY = YES_AGGRESSIVE;
				CLANG_WARN_UNREACHABLE_CODE = YES;
				CLANG_WARN__DUPLICATE_METHOD_MATCH = YES;
				COPY_PHASE_STRIP = NO;
				DEBUG_INFORMATION_FORMAT = "dwarf-with-dsym";
				ENABLE_NS_ASSERTIONS = NO;
				ENABLE_STRICT_OBJC_MSGSEND = YES;
				GCC_C_LANGUAGE_STANDARD = gnu11;
				GCC_NO_COMMON_BLOCKS = YES;
				GCC_WARN_64_TO_32_BIT_CONVERSION = YES;
				GCC_WARN_ABOUT_RETURN_TYPE = YES_ERROR;
				GCC_WARN_UNDECLARED_SELECTOR = YES;
				GCC_WARN_UNINITIALIZED_AUTOS = YES_AGGRESSIVE;
				GCC_WARN_UNUSED_FUNCTION = YES;
				GCC_WARN_UNUSED_VARIABLE = YES;
				IPHONEOS_DEPLOYMENT_TARGET = 16.2;
				MTL_ENABLE_DEBUG_INFO = NO;
				MTL_FAST_MATH = YES;
				SDKROOT = iphoneos;
				SWIFT_COMPILATION_MODE = wholemodule;
				SWIFT_OPTIMIZATION_LEVEL = "-O";
				VALIDATE_PRODUCT = YES;
			};
			name = Release;
		};
		8957D9F22ADD15FD00B7606D /* Debug */ = {
			isa = XCBuildConfiguration;
			baseConfigurationReference = A81BDE92A7759BFA531DE28F /* Pods-ChessApp.debug.xcconfig */;
			buildSettings = {
				ASSETCATALOG_COMPILER_APPICON_NAME = AppIcon;
				ASSETCATALOG_COMPILER_GLOBAL_ACCENT_COLOR_NAME = AccentColor;
				CODE_SIGN_STYLE = Automatic;
				CURRENT_PROJECT_VERSION = 1;
				DEVELOPMENT_TEAM = NXRYTWY76F;
				GENERATE_INFOPLIST_FILE = YES;
				INFOPLIST_FILE = ChessApp/Info.plist;
				INFOPLIST_KEY_UIApplicationSupportsIndirectInputEvents = YES;
				INFOPLIST_KEY_UILaunchStoryboardName = LaunchScreen;
				INFOPLIST_KEY_UISupportedInterfaceOrientations_iPad = "UIInterfaceOrientationPortrait UIInterfaceOrientationPortraitUpsideDown UIInterfaceOrientationLandscapeLeft UIInterfaceOrientationLandscapeRight";
				INFOPLIST_KEY_UISupportedInterfaceOrientations_iPhone = "UIInterfaceOrientationPortrait UIInterfaceOrientationLandscapeLeft UIInterfaceOrientationLandscapeRight";
				LD_RUNPATH_SEARCH_PATHS = (
					"$(inherited)",
					"@executable_path/Frameworks",
				);
				MARKETING_VERSION = 1.0;
				PRODUCT_BUNDLE_IDENTIFIER = austin.kd.ChessApp;
				PRODUCT_NAME = "$(TARGET_NAME)";
				SWIFT_EMIT_LOC_STRINGS = YES;
				SWIFT_VERSION = 5.0;
				TARGETED_DEVICE_FAMILY = "1,2";
			};
			name = Debug;
		};
		8957D9F32ADD15FD00B7606D /* Release */ = {
			isa = XCBuildConfiguration;
			baseConfigurationReference = F7DDB3B9167C9B3021257115 /* Pods-ChessApp.release.xcconfig */;
			buildSettings = {
				ASSETCATALOG_COMPILER_APPICON_NAME = AppIcon;
				ASSETCATALOG_COMPILER_GLOBAL_ACCENT_COLOR_NAME = AccentColor;
				CODE_SIGN_STYLE = Automatic;
				CURRENT_PROJECT_VERSION = 1;
				DEVELOPMENT_TEAM = NXRYTWY76F;
				GENERATE_INFOPLIST_FILE = YES;
				INFOPLIST_FILE = ChessApp/Info.plist;
				INFOPLIST_KEY_UIApplicationSupportsIndirectInputEvents = YES;
				INFOPLIST_KEY_UILaunchStoryboardName = LaunchScreen;
				INFOPLIST_KEY_UISupportedInterfaceOrientations_iPad = "UIInterfaceOrientationPortrait UIInterfaceOrientationPortraitUpsideDown UIInterfaceOrientationLandscapeLeft UIInterfaceOrientationLandscapeRight";
				INFOPLIST_KEY_UISupportedInterfaceOrientations_iPhone = "UIInterfaceOrientationPortrait UIInterfaceOrientationLandscapeLeft UIInterfaceOrientationLandscapeRight";
				LD_RUNPATH_SEARCH_PATHS = (
					"$(inherited)",
					"@executable_path/Frameworks",
				);
				MARKETING_VERSION = 1.0;
				PRODUCT_BUNDLE_IDENTIFIER = austin.kd.ChessApp;
				PRODUCT_NAME = "$(TARGET_NAME)";
				SWIFT_EMIT_LOC_STRINGS = YES;
				SWIFT_VERSION = 5.0;
				TARGETED_DEVICE_FAMILY = "1,2";
			};
			name = Release;
		};
		8957D9F52ADD15FD00B7606D /* Debug */ = {
			isa = XCBuildConfiguration;
			baseConfigurationReference = 591725D1BC24BF98B65386C9 /* Pods-ChessAppTests.debug.xcconfig */;
			buildSettings = {
				ALWAYS_EMBED_SWIFT_STANDARD_LIBRARIES = YES;
				BUNDLE_LOADER = "$(TEST_HOST)";
				CLANG_ENABLE_MODULES = YES;
				CODE_SIGN_STYLE = Automatic;
				CURRENT_PROJECT_VERSION = 1;
				DEVELOPMENT_TEAM = NXRYTWY76F;
				GENERATE_INFOPLIST_FILE = YES;
				IPHONEOS_DEPLOYMENT_TARGET = 16.2;
				LD_RUNPATH_SEARCH_PATHS = (
					"$(inherited)",
					"@executable_path/Frameworks",
					"@loader_path/Frameworks",
				);
				MARKETING_VERSION = 1.0;
				PRODUCT_BUNDLE_IDENTIFIER = austin.kd.ChessAppTests;
				PRODUCT_NAME = "$(TARGET_NAME)";
				SWIFT_EMIT_LOC_STRINGS = NO;
				SWIFT_OBJC_BRIDGING_HEADER = "ChessAppTests/ChessAppTests-Bridging-Header.h";
				SWIFT_OPTIMIZATION_LEVEL = "-Onone";
				SWIFT_VERSION = 5.0;
				TARGETED_DEVICE_FAMILY = "1,2";
				TEST_HOST = "$(BUILT_PRODUCTS_DIR)/ChessApp.app/$(BUNDLE_EXECUTABLE_FOLDER_PATH)/ChessApp";
			};
			name = Debug;
		};
		8957D9F62ADD15FD00B7606D /* Release */ = {
			isa = XCBuildConfiguration;
			baseConfigurationReference = 3528B6EA38845C422959702B /* Pods-ChessAppTests.release.xcconfig */;
			buildSettings = {
				ALWAYS_EMBED_SWIFT_STANDARD_LIBRARIES = YES;
				BUNDLE_LOADER = "$(TEST_HOST)";
				CLANG_ENABLE_MODULES = YES;
				CODE_SIGN_STYLE = Automatic;
				CURRENT_PROJECT_VERSION = 1;
				DEVELOPMENT_TEAM = NXRYTWY76F;
				GENERATE_INFOPLIST_FILE = YES;
				IPHONEOS_DEPLOYMENT_TARGET = 16.2;
				LD_RUNPATH_SEARCH_PATHS = (
					"$(inherited)",
					"@executable_path/Frameworks",
					"@loader_path/Frameworks",
				);
				MARKETING_VERSION = 1.0;
				PRODUCT_BUNDLE_IDENTIFIER = austin.kd.ChessAppTests;
				PRODUCT_NAME = "$(TARGET_NAME)";
				SWIFT_EMIT_LOC_STRINGS = NO;
				SWIFT_OBJC_BRIDGING_HEADER = "ChessAppTests/ChessAppTests-Bridging-Header.h";
				SWIFT_VERSION = 5.0;
				TARGETED_DEVICE_FAMILY = "1,2";
				TEST_HOST = "$(BUILT_PRODUCTS_DIR)/ChessApp.app/$(BUNDLE_EXECUTABLE_FOLDER_PATH)/ChessApp";
			};
			name = Release;
		};
/* End XCBuildConfiguration section */

/* Begin XCConfigurationList section */
		8957D9C22ADD15F900B7606D /* Build configuration list for PBXProject "ChessApp" */ = {
			isa = XCConfigurationList;
			buildConfigurations = (
				8957D9EF2ADD15FD00B7606D /* Debug */,
				8957D9F02ADD15FD00B7606D /* Release */,
			);
			defaultConfigurationIsVisible = 0;
			defaultConfigurationName = Release;
		};
		8957D9F12ADD15FD00B7606D /* Build configuration list for PBXNativeTarget "ChessApp" */ = {
			isa = XCConfigurationList;
			buildConfigurations = (
				8957D9F22ADD15FD00B7606D /* Debug */,
				8957D9F32ADD15FD00B7606D /* Release */,
			);
			defaultConfigurationIsVisible = 0;
			defaultConfigurationName = Release;
		};
		8957D9F42ADD15FD00B7606D /* Build configuration list for PBXNativeTarget "ChessAppTests" */ = {
			isa = XCConfigurationList;
			buildConfigurations = (
				8957D9F52ADD15FD00B7606D /* Debug */,
				8957D9F62ADD15FD00B7606D /* Release */,
			);
			defaultConfigurationIsVisible = 0;
			defaultConfigurationName = Release;
		};
/* End XCConfigurationList section */
	};
	rootObject = 8957D9BF2ADD15F900B7606D /* Project object */;
}
